// !$*UTF8*$!
{
	archiveVersion = 1;
	classes = {
	};
	objectVersion = 51;
	objects = {

/* Begin PBXBuildFile section */
		9A4F731A1A28CCAB0AE69920 /* Pods_demo.framework in Frameworks */ = {isa = PBXBuildFile; fileRef = AEA9C9904AB0E606890D7215 /* Pods_demo.framework */; };
		B57AD68523A633D4004C046C /* AppDelegate.m in Sources */ = {isa = PBXBuildFile; fileRef = B57AD68423A633D4004C046C /* AppDelegate.m */; };
		B57AD68823A633D4004C046C /* ViewController.m in Sources */ = {isa = PBXBuildFile; fileRef = B57AD68723A633D4004C046C /* ViewController.m */; };
		B57AD68B23A633D4004C046C /* Main.storyboard in Resources */ = {isa = PBXBuildFile; fileRef = B57AD68923A633D4004C046C /* Main.storyboard */; };
		B57AD68D23A633D5004C046C /* Assets.xcassets in Resources */ = {isa = PBXBuildFile; fileRef = B57AD68C23A633D5004C046C /* Assets.xcassets */; };
		B57AD69023A633D5004C046C /* LaunchScreen.storyboard in Resources */ = {isa = PBXBuildFile; fileRef = B57AD68E23A633D5004C046C /* LaunchScreen.storyboard */; };
		B57AD69323A633D5004C046C /* main.m in Sources */ = {isa = PBXBuildFile; fileRef = B57AD69223A633D5004C046C /* main.m */; };
		B57AD6B723A698BB004C046C /* milky_way.jpg in Resources */ = {isa = PBXBuildFile; fileRef = B57AD6B623A698BB004C046C /* milky_way.jpg */; };
/* End PBXBuildFile section */

/* Begin PBXContainerItemProxy section */
		B57AD69D23A633DC004C046C /* PBXContainerItemProxy */ = {
			isa = PBXContainerItemProxy;
			containerPortal = B57AD69923A633DC004C046C /* IRUserResizableView.xcodeproj */;
			proxyType = 2;
			remoteGlobalIDString = B57AD66C23A633C4004C046C;
			remoteInfo = IRUserResizableView;
		};
/* End PBXContainerItemProxy section */

/* Begin PBXFileReference section */
		5F1E3E48116D0D2FCE2E23BA /* Pods-demo.release.xcconfig */ = {isa = PBXFileReference; includeInIndex = 1; lastKnownFileType = text.xcconfig; name = "Pods-demo.release.xcconfig"; path = "Target Support Files/Pods-demo/Pods-demo.release.xcconfig"; sourceTree = "<group>"; };
		8ED4446E1E54F260024AD32D /* Pods-demo.debug.xcconfig */ = {isa = PBXFileReference; includeInIndex = 1; lastKnownFileType = text.xcconfig; name = "Pods-demo.debug.xcconfig"; path = "Target Support Files/Pods-demo/Pods-demo.debug.xcconfig"; sourceTree = "<group>"; };
		AEA9C9904AB0E606890D7215 /* Pods_demo.framework */ = {isa = PBXFileReference; explicitFileType = wrapper.framework; includeInIndex = 0; path = Pods_demo.framework; sourceTree = BUILT_PRODUCTS_DIR; };
		B57AD68023A633D4004C046C /* demo.app */ = {isa = PBXFileReference; explicitFileType = wrapper.application; includeInIndex = 0; path = demo.app; sourceTree = BUILT_PRODUCTS_DIR; };
		B57AD68323A633D4004C046C /* AppDelegate.h */ = {isa = PBXFileReference; lastKnownFileType = sourcecode.c.h; path = AppDelegate.h; sourceTree = "<group>"; };
		B57AD68423A633D4004C046C /* AppDelegate.m */ = {isa = PBXFileReference; lastKnownFileType = sourcecode.c.objc; path = AppDelegate.m; sourceTree = "<group>"; };
		B57AD68623A633D4004C046C /* ViewController.h */ = {isa = PBXFileReference; lastKnownFileType = sourcecode.c.h; path = ViewController.h; sourceTree = "<group>"; };
		B57AD68723A633D4004C046C /* ViewController.m */ = {isa = PBXFileReference; lastKnownFileType = sourcecode.c.objc; path = ViewController.m; sourceTree = "<group>"; };
		B57AD68A23A633D4004C046C /* Base */ = {isa = PBXFileReference; lastKnownFileType = file.storyboard; name = Base; path = Base.lproj/Main.storyboard; sourceTree = "<group>"; };
		B57AD68C23A633D5004C046C /* Assets.xcassets */ = {isa = PBXFileReference; lastKnownFileType = folder.assetcatalog; path = Assets.xcassets; sourceTree = "<group>"; };
		B57AD68F23A633D5004C046C /* Base */ = {isa = PBXFileReference; lastKnownFileType = file.storyboard; name = Base; path = Base.lproj/LaunchScreen.storyboard; sourceTree = "<group>"; };
		B57AD69123A633D5004C046C /* Info.plist */ = {isa = PBXFileReference; lastKnownFileType = text.plist.xml; path = Info.plist; sourceTree = "<group>"; };
		B57AD69223A633D5004C046C /* main.m */ = {isa = PBXFileReference; lastKnownFileType = sourcecode.c.objc; path = main.m; sourceTree = "<group>"; };
		B57AD69923A633DC004C046C /* IRUserResizableView.xcodeproj */ = {isa = PBXFileReference; lastKnownFileType = "wrapper.pb-project"; name = IRUserResizableView.xcodeproj; path = ../IRUserResizableView.xcodeproj; sourceTree = "<group>"; };
		B57AD6B623A698BB004C046C /* milky_way.jpg */ = {isa = PBXFileReference; lastKnownFileType = image.jpeg; path = milky_way.jpg; sourceTree = "<group>"; };
/* End PBXFileReference section */

/* Begin PBXFrameworksBuildPhase section */
		B57AD67D23A633D4004C046C /* Frameworks */ = {
			isa = PBXFrameworksBuildPhase;
			buildActionMask = 2147483647;
			files = (
				9A4F731A1A28CCAB0AE69920 /* Pods_demo.framework in Frameworks */,
			);
			runOnlyForDeploymentPostprocessing = 0;
		};
/* End PBXFrameworksBuildPhase section */

/* Begin PBXGroup section */
		8131B6816B3207C51D152C01 /* Frameworks */ = {
			isa = PBXGroup;
			children = (
				AEA9C9904AB0E606890D7215 /* Pods_demo.framework */,
			);
			name = Frameworks;
			sourceTree = "<group>";
		};
		94B9C4BE49A3AA9F08E57204 /* Pods */ = {
			isa = PBXGroup;
			children = (
				8ED4446E1E54F260024AD32D /* Pods-demo.debug.xcconfig */,
				5F1E3E48116D0D2FCE2E23BA /* Pods-demo.release.xcconfig */,
			);
			path = Pods;
			sourceTree = "<group>";
		};
		B57AD67723A633D4004C046C = {
			isa = PBXGroup;
			children = (
				B57AD69923A633DC004C046C /* IRUserResizableView.xcodeproj */,
				B57AD68223A633D4004C046C /* demo */,
				B57AD68123A633D4004C046C /* Products */,
				94B9C4BE49A3AA9F08E57204 /* Pods */,
				8131B6816B3207C51D152C01 /* Frameworks */,
			);
			sourceTree = "<group>";
		};
		B57AD68123A633D4004C046C /* Products */ = {
			isa = PBXGroup;
			children = (
				B57AD68023A633D4004C046C /* demo.app */,
			);
			name = Products;
			sourceTree = "<group>";
		};
		B57AD68223A633D4004C046C /* demo */ = {
			isa = PBXGroup;
			children = (
				B57AD6B623A698BB004C046C /* milky_way.jpg */,
				B57AD68323A633D4004C046C /* AppDelegate.h */,
				B57AD68423A633D4004C046C /* AppDelegate.m */,
				B57AD68623A633D4004C046C /* ViewController.h */,
				B57AD68723A633D4004C046C /* ViewController.m */,
				B57AD68923A633D4004C046C /* Main.storyboard */,
				B57AD68C23A633D5004C046C /* Assets.xcassets */,
				B57AD68E23A633D5004C046C /* LaunchScreen.storyboard */,
				B57AD69123A633D5004C046C /* Info.plist */,
				B57AD69223A633D5004C046C /* main.m */,
			);
			path = demo;
			sourceTree = "<group>";
		};
		B57AD69A23A633DC004C046C /* Products */ = {
			isa = PBXGroup;
			children = (
				B57AD69E23A633DC004C046C /* IRUserResizableView.framework */,
			);
			name = Products;
			sourceTree = "<group>";
		};
/* End PBXGroup section */

/* Begin PBXNativeTarget section */
		B57AD67F23A633D4004C046C /* demo */ = {
			isa = PBXNativeTarget;
			buildConfigurationList = B57AD69623A633D5004C046C /* Build configuration list for PBXNativeTarget "demo" */;
			buildPhases = (
				1BEAA2D77AD491CF67215D96 /* [CP] Check Pods Manifest.lock */,
				B57AD67C23A633D4004C046C /* Sources */,
				B57AD67D23A633D4004C046C /* Frameworks */,
				B57AD67E23A633D4004C046C /* Resources */,
				7532E00D1E8487F9F4F27A00 /* [CP] Embed Pods Frameworks */,
			);
			buildRules = (
			);
			dependencies = (
			);
			name = demo;
			productName = demo;
			productReference = B57AD68023A633D4004C046C /* demo.app */;
			productType = "com.apple.product-type.application";
		};
/* End PBXNativeTarget section */

/* Begin PBXProject section */
		B57AD67823A633D4004C046C /* Project object */ = {
			isa = PBXProject;
			attributes = {
				LastUpgradeCheck = 1010;
				ORGANIZATIONNAME = irons;
				TargetAttributes = {
					B57AD67F23A633D4004C046C = {
						CreatedOnToolsVersion = 10.1;
					};
				};
			};
			buildConfigurationList = B57AD67B23A633D4004C046C /* Build configuration list for PBXProject "demo" */;
			compatibilityVersion = "Xcode 9.3";
			developmentRegion = en;
			hasScannedForEncodings = 0;
			knownRegions = (
				en,
				Base,
			);
			mainGroup = B57AD67723A633D4004C046C;
			productRefGroup = B57AD68123A633D4004C046C /* Products */;
			projectDirPath = "";
			projectReferences = (
				{
					ProductGroup = B57AD69A23A633DC004C046C /* Products */;
					ProjectRef = B57AD69923A633DC004C046C /* IRUserResizableView.xcodeproj */;
				},
			);
			projectRoot = "";
			targets = (
				B57AD67F23A633D4004C046C /* demo */,
			);
		};
/* End PBXProject section */

/* Begin PBXReferenceProxy section */
		B57AD69E23A633DC004C046C /* IRUserResizableView.framework */ = {
			isa = PBXReferenceProxy;
			fileType = wrapper.framework;
			path = IRUserResizableView.framework;
			remoteRef = B57AD69D23A633DC004C046C /* PBXContainerItemProxy */;
			sourceTree = BUILT_PRODUCTS_DIR;
		};
/* End PBXReferenceProxy section */

/* Begin PBXResourcesBuildPhase section */
		B57AD67E23A633D4004C046C /* Resources */ = {
			isa = PBXResourcesBuildPhase;
			buildActionMask = 2147483647;
			files = (
				B57AD69023A633D5004C046C /* LaunchScreen.storyboard in Resources */,
				B57AD68D23A633D5004C046C /* Assets.xcassets in Resources */,
				B57AD6B723A698BB004C046C /* milky_way.jpg in Resources */,
				B57AD68B23A633D4004C046C /* Main.storyboard in Resources */,
			);
			runOnlyForDeploymentPostprocessing = 0;
		};
/* End PBXResourcesBuildPhase section */

/* Begin PBXShellScriptBuildPhase section */
		1BEAA2D77AD491CF67215D96 /* [CP] Check Pods Manifest.lock */ = {
			isa = PBXShellScriptBuildPhase;
			buildActionMask = 2147483647;
			files = (
			);
			inputFileListPaths = (
			);
			inputPaths = (
				"${PODS_PODFILE_DIR_PATH}/Podfile.lock",
				"${PODS_ROOT}/Manifest.lock",
			);
			name = "[CP] Check Pods Manifest.lock";
			outputFileListPaths = (
			);
			outputPaths = (
				"$(DERIVED_FILE_DIR)/Pods-demo-checkManifestLockResult.txt",
			);
			runOnlyForDeploymentPostprocessing = 0;
			shellPath = /bin/sh;
			shellScript = "diff \"${PODS_PODFILE_DIR_PATH}/Podfile.lock\" \"${PODS_ROOT}/Manifest.lock\" > /dev/null\nif [ $? != 0 ] ; then\n    # print error to STDERR\n    echo \"error: The sandbox is not in sync with the Podfile.lock. Run 'pod install' or update your CocoaPods installation.\" >&2\n    exit 1\nfi\n# This output is used by Xcode 'outputs' to avoid re-running this script phase.\necho \"SUCCESS\" > \"${SCRIPT_OUTPUT_FILE_0}\"\n";
			showEnvVarsInLog = 0;
		};
		7532E00D1E8487F9F4F27A00 /* [CP] Embed Pods Frameworks */ = {
			isa = PBXShellScriptBuildPhase;
			buildActionMask = 2147483647;
			files = (
			);
			inputFileListPaths = (
				"${PODS_ROOT}/Target Support Files/Pods-demo/Pods-demo-frameworks-${CONFIGURATION}-input-files.xcfilelist",
			);
			name = "[CP] Embed Pods Frameworks";
			outputFileListPaths = (
				"${PODS_ROOT}/Target Support Files/Pods-demo/Pods-demo-frameworks-${CONFIGURATION}-output-files.xcfilelist",
			);
			runOnlyForDeploymentPostprocessing = 0;
			shellPath = /bin/sh;
			shellScript = "\"${PODS_ROOT}/Target Support Files/Pods-demo/Pods-demo-frameworks.sh\"\n";
			showEnvVarsInLog = 0;
		};
/* End PBXShellScriptBuildPhase section */

/* Begin PBXSourcesBuildPhase section */
		B57AD67C23A633D4004C046C /* Sources */ = {
			isa = PBXSourcesBuildPhase;
			buildActionMask = 2147483647;
			files = (
				B57AD68823A633D4004C046C /* ViewController.m in Sources */,
				B57AD69323A633D5004C046C /* main.m in Sources */,
				B57AD68523A633D4004C046C /* AppDelegate.m in Sources */,
			);
			runOnlyForDeploymentPostprocessing = 0;
		};
/* End PBXSourcesBuildPhase section */

/* Begin PBXVariantGroup section */
		B57AD68923A633D4004C046C /* Main.storyboard */ = {
			isa = PBXVariantGroup;
			children = (
				B57AD68A23A633D4004C046C /* Base */,
			);
			name = Main.storyboard;
			sourceTree = "<group>";
		};
		B57AD68E23A633D5004C046C /* LaunchScreen.storyboard */ = {
			isa = PBXVariantGroup;
			children = (
				B57AD68F23A633D5004C046C /* Base */,
			);
			name = LaunchScreen.storyboard;
			sourceTree = "<group>";
		};
/* End PBXVariantGroup section */

/* Begin XCBuildConfiguration section */
		B57AD69423A633D5004C046C /* Debug */ = {
			isa = XCBuildConfiguration;
			buildSettings = {
				ALWAYS_SEARCH_USER_PATHS = NO;
				CLANG_ANALYZER_NONNULL = YES;
				CLANG_ANALYZER_NUMBER_OBJECT_CONVERSION = YES_AGGRESSIVE;
				CLANG_CXX_LANGUAGE_STANDARD = "gnu++14";
				CLANG_CXX_LIBRARY = "libc++";
				CLANG_ENABLE_MODULES = YES;
				CLANG_ENABLE_OBJC_ARC = YES;
				CLANG_ENABLE_OBJC_WEAK = YES;
				CLANG_WARN_BLOCK_CAPTURE_AUTORELEASING = YES;
				CLANG_WARN_BOOL_CONVERSION = YES;
				CLANG_WARN_COMMA = YES;
				CLANG_WARN_CONSTANT_CONVERSION = YES;
				CLANG_WARN_DEPRECATED_OBJC_IMPLEMENTATIONS = YES;
				CLANG_WARN_DIRECT_OBJC_ISA_USAGE = YES_ERROR;
				CLANG_WARN_DOCUMENTATION_COMMENTS = YES;
				CLANG_WARN_EMPTY_BODY = YES;
				CLANG_WARN_ENUM_CONVERSION = YES;
				CLANG_WARN_INFINITE_RECURSION = YES;
				CLANG_WARN_INT_CONVERSION = YES;
				CLANG_WARN_NON_LITERAL_NULL_CONVERSION = YES;
				CLANG_WARN_OBJC_IMPLICIT_RETAIN_SELF = YES;
				CLANG_WARN_OBJC_LITERAL_CONVERSION = YES;
				CLANG_WARN_OBJC_ROOT_CLASS = YES_ERROR;
				CLANG_WARN_RANGE_LOOP_ANALYSIS = YES;
				CLANG_WARN_STRICT_PROTOTYPES = YES;
				CLANG_WARN_SUSPICIOUS_MOVE = YES;
				CLANG_WARN_UNGUARDED_AVAILABILITY = YES_AGGRESSIVE;
				CLANG_WARN_UNREACHABLE_CODE = YES;
				CLANG_WARN__DUPLICATE_METHOD_MATCH = YES;
				CODE_SIGN_IDENTITY = "iPhone Developer";
				COPY_PHASE_STRIP = NO;
				DEBUG_INFORMATION_FORMAT = dwarf;
				ENABLE_STRICT_OBJC_MSGSEND = YES;
				ENABLE_TESTABILITY = YES;
				GCC_C_LANGUAGE_STANDARD = gnu11;
				GCC_DYNAMIC_NO_PIC = NO;
				GCC_NO_COMMON_BLOCKS = YES;
				GCC_OPTIMIZATION_LEVEL = 0;
				GCC_PREPROCESSOR_DEFINITIONS = (
					"DEBUG=1",
					"$(inherited)",
				);
				GCC_WARN_64_TO_32_BIT_CONVERSION = YES;
				GCC_WARN_ABOUT_RETURN_TYPE = YES_ERROR;
				GCC_WARN_UNDECLARED_SELECTOR = YES;
				GCC_WARN_UNINITIALIZED_AUTOS = YES_AGGRESSIVE;
				GCC_WARN_UNUSED_FUNCTION = YES;
				GCC_WARN_UNUSED_VARIABLE = YES;
				IPHONEOS_DEPLOYMENT_TARGET = 11.0;
				MTL_ENABLE_DEBUG_INFO = INCLUDE_SOURCE;
				MTL_FAST_MATH = YES;
				ONLY_ACTIVE_ARCH = YES;
				SDKROOT = iphoneos;
			};
			name = Debug;
		};
		B57AD69523A633D5004C046C /* Release */ = {
			isa = XCBuildConfiguration;
			buildSettings = {
				ALWAYS_SEARCH_USER_PATHS = NO;
				CLANG_ANALYZER_NONNULL = YES;
				CLANG_ANALYZER_NUMBER_OBJECT_CONVERSION = YES_AGGRESSIVE;
				CLANG_CXX_LANGUAGE_STANDARD = "gnu++14";
				CLANG_CXX_LIBRARY = "libc++";
				CLANG_ENABLE_MODULES = YES;
				CLANG_ENABLE_OBJC_ARC = YES;
				CLANG_ENABLE_OBJC_WEAK = YES;
				CLANG_WARN_BLOCK_CAPTURE_AUTORELEASING = YES;
				CLANG_WARN_BOOL_CONVERSION = YES;
				CLANG_WARN_COMMA = YES;
				CLANG_WARN_CONSTANT_CONVERSION = YES;
				CLANG_WARN_DEPRECATED_OBJC_IMPLEMENTATIONS = YES;
				CLANG_WARN_DIRECT_OBJC_ISA_USAGE = YES_ERROR;
				CLANG_WARN_DOCUMENTATION_COMMENTS = YES;
				CLANG_WARN_EMPTY_BODY = YES;
				CLANG_WARN_ENUM_CONVERSION = YES;
				CLANG_WARN_INFINITE_RECURSION = YES;
				CLANG_WARN_INT_CONVERSION = YES;
				CLANG_WARN_NON_LITERAL_NULL_CONVERSION = YES;
				CLANG_WARN_OBJC_IMPLICIT_RETAIN_SELF = YES;
				CLANG_WARN_OBJC_LITERAL_CONVERSION = YES;
				CLANG_WARN_OBJC_ROOT_CLASS = YES_ERROR;
				CLANG_WARN_RANGE_LOOP_ANALYSIS = YES;
				CLANG_WARN_STRICT_PROTOTYPES = YES;
				CLANG_WARN_SUSPICIOUS_MOVE = YES;
				CLANG_WARN_UNGUARDED_AVAILABILITY = YES_AGGRESSIVE;
				CLANG_WARN_UNREACHABLE_CODE = YES;
				CLANG_WARN__DUPLICATE_METHOD_MATCH = YES;
				CODE_SIGN_IDENTITY = "iPhone Developer";
				COPY_PHASE_STRIP = NO;
				DEBUG_INFORMATION_FORMAT = "dwarf-with-dsym";
				ENABLE_NS_ASSERTIONS = NO;
				ENABLE_STRICT_OBJC_MSGSEND = YES;
				GCC_C_LANGUAGE_STANDARD = gnu11;
				GCC_NO_COMMON_BLOCKS = YES;
				GCC_WARN_64_TO_32_BIT_CONVERSION = YES;
				GCC_WARN_ABOUT_RETURN_TYPE = YES_ERROR;
				GCC_WARN_UNDECLARED_SELECTOR = YES;
				GCC_WARN_UNINITIALIZED_AUTOS = YES_AGGRESSIVE;
				GCC_WARN_UNUSED_FUNCTION = YES;
				GCC_WARN_UNUSED_VARIABLE = YES;
				IPHONEOS_DEPLOYMENT_TARGET = 11.0;
				MTL_ENABLE_DEBUG_INFO = NO;
				MTL_FAST_MATH = YES;
				SDKROOT = iphoneos;
				VALIDATE_PRODUCT = YES;
			};
			name = Release;
		};
		B57AD69723A633D5004C046C /* Debug */ = {
			isa = XCBuildConfiguration;
			baseConfigurationReference = 8ED4446E1E54F260024AD32D /* Pods-demo.debug.xcconfig */;
			buildSettings = {
				ASSETCATALOG_COMPILER_APPICON_NAME = AppIcon;
				CODE_SIGN_STYLE = Automatic;
				DEVELOPMENT_TEAM = T6VV6T753H;
				INFOPLIST_FILE = demo/Info.plist;
				IPHONEOS_DEPLOYMENT_TARGET = 11.0;
				LD_RUNPATH_SEARCH_PATHS = (
					"$(inherited)",
					"@executable_path/Frameworks",
				);
				PRODUCT_BUNDLE_IDENTIFIER = irons.demo;
				PRODUCT_NAME = "$(TARGET_NAME)";
				TARGETED_DEVICE_FAMILY = "1,2";
			};
			name = Debug;
		};
		B57AD69823A633D5004C046C /* Release */ = {
			isa = XCBuildConfiguration;
			baseConfigurationReference = 5F1E3E48116D0D2FCE2E23BA /* Pods-demo.release.xcconfig */;
			buildSettings = {
				ASSETCATALOG_COMPILER_APPICON_NAME = AppIcon;
				CODE_SIGN_STYLE = Automatic;
				DEVELOPMENT_TEAM = T6VV6T753H;
				INFOPLIST_FILE = demo/Info.plist;
				IPHONEOS_DEPLOYMENT_TARGET = 11.0;
				LD_RUNPATH_SEARCH_PATHS = (
					"$(inherited)",
					"@executable_path/Frameworks",
				);
				PRODUCT_BUNDLE_IDENTIFIER = irons.demo;
				PRODUCT_NAME = "$(TARGET_NAME)";
				TARGETED_DEVICE_FAMILY = "1,2";
			};
			name = Release;
		};
/* End XCBuildConfiguration section */

/* Begin XCConfigurationList section */
		B57AD67B23A633D4004C046C /* Build configuration list for PBXProject "demo" */ = {
			isa = XCConfigurationList;
			buildConfigurations = (
				B57AD69423A633D5004C046C /* Debug */,
				B57AD69523A633D5004C046C /* Release */,
			);
			defaultConfigurationIsVisible = 0;
			defaultConfigurationName = Release;
		};
		B57AD69623A633D5004C046C /* Build configuration list for PBXNativeTarget "demo" */ = {
			isa = XCConfigurationList;
			buildConfigurations = (
				B57AD69723A633D5004C046C /* Debug */,
				B57AD69823A633D5004C046C /* Release */,
			);
			defaultConfigurationIsVisible = 0;
			defaultConfigurationName = Release;
		};
/* End XCConfigurationList section */
	};
	rootObject = B57AD67823A633D4004C046C /* Project object */;
}
